
Microsoft Visual Studio Solution File, Format Version 12.00
# Visual Studio Version 17
VisualStudioVersion = 17.5.33424.131
MinimumVisualStudioVersion = 10.0.40219.1
Project("{9A19103F-16F7-4668-BE54-9A1E7A4F7556}") = "DDD4.App", "DDD4.App\DDD4.App.csproj", "{CD5405EC-144A-4E86-B20E-DF7A8AB81CF9}"
EndProject
Project("{2150E333-8FDC-42A3-9474-1A3956D46DE8}") = "Services", "Services", "{89010C48-01E5-4232-B0B4-477BB0CA1CFB}"
EndProject
Project("{2150E333-8FDC-42A3-9474-1A3956D46DE8}") = "Saga", "Saga", "{1D36B9B6-BC6A-4638-A8F6-5825E36AD943}"
EndProject
Project("{2150E333-8FDC-42A3-9474-1A3956D46DE8}") = "Customer", "Customer", "{EED21CA9-D637-494F-9464-2C27692A962E}"
EndProject
Project("{2150E333-8FDC-42A3-9474-1A3956D46DE8}") = "Order", "Order", "{B8D4C6D3-AAC1-4C24-B4D6-C89DBEBB87F6}"
EndProject
Project("{9A19103F-16F7-4668-BE54-9A1E7A4F7556}") = "DDD4.Customer.Api", "DDD4.Customer.Api\DDD4.Customer.Api.csproj", "{AEBD244A-AC6A-4243-BD2A-56462C8E52F0}"
EndProject
Project("{9A19103F-16F7-4668-BE54-9A1E7A4F7556}") = "DDD4.Customer.Application", "DDD4.Customer.Application\DDD4.Customer.Application.csproj", "{4A7BEE1C-21CC-4718-9A2D-933FD298529E}"
EndProject
Project("{9A19103F-16F7-4668-BE54-9A1E7A4F7556}") = "DDD4.Customer.Domain", "DDD4.Customer.Domain\DDD4.Customer.Domain.csproj", "{AF96FCEB-4912-4EE5-A16F-20EBBFEB067E}"
EndProject
Project("{9A19103F-16F7-4668-BE54-9A1E7A4F7556}") = "DDD4.Customer.Infrastructure", "DDD4.Customer.Infrastructure\DDD4.Customer.Infrastructure.csproj", "{BAFC0E98-452A-4383-8700-F581AE0440F6}"
EndProject
Project("{9A19103F-16F7-4668-BE54-9A1E7A4F7556}") = "DDD4.Order.Api", "DDD4.Ordre.Api\DDD4.Order.Api.csproj", "{CCB177AF-0B54-4B7D-95B6-99A8541ACF6A}"
EndProject
Project("{9A19103F-16F7-4668-BE54-9A1E7A4F7556}") = "DDD4.Order.Application", "DDD4.Ordre.Application\DDD4.Order.Application.csproj", "{4B7E8E96-142C-4512-954A-ABC96428223C}"
EndProject
Project("{9A19103F-16F7-4668-BE54-9A1E7A4F7556}") = "DDD4.Order.Domain", "DDD4.Ordre.Domain\DDD4.Order.Domain.csproj", "{05E6D3ED-6564-479C-990E-BF7D1FD11215}"
EndProject
Project("{9A19103F-16F7-4668-BE54-9A1E7A4F7556}") = "DDD4.Order.Infrastructure", "DDD4.Ordre.Infrastructure\DDD4.Order.Infrastructure.csproj", "{E1C2E91D-B759-47FF-BF6B-41286EC7CB7C}"
EndProject
Project("{E53339B2-1760-4266-BCC7-CA923CBCF16C}") = "docker-compose", "docker-compose.dcproj", "{4A9E35A7-83EA-4B6B-A9AD-1E608498B180}"
EndProject
Project("{9A19103F-16F7-4668-BE54-9A1E7A4F7556}") = "DDD4.Saga.Api", "DDD4.Saga.Api\DDD4.Saga.Api.csproj", "{65EA134E-0D66-4BDE-8D48-1E87E3213594}"
EndProject
Project("{9A19103F-16F7-4668-BE54-9A1E7A4F7556}") = "DDD4.Saga.Components", "DDD4.Saga.Components\DDD4.Saga.Components.csproj", "{3B9EBAE1-E2B9-4521-9D84-32AD6491F4EF}"
EndProject
Project("{9A19103F-16F7-4668-BE54-9A1E7A4F7556}") = "DDD4.Contracts", "DDD4.Contracts\DDD4.Contracts.csproj", "{03B0A73C-9192-43B4-82DE-952E641B614A}"
EndProject
Project("{9A19103F-16F7-4668-BE54-9A1E7A4F7556}") = "DDD4.Saga.DbContext", "DDD4.Saga.DbContext\DDD4.Saga.DbContext.csproj", "{8A1CFF01-B10F-4F8C-B89D-C2F94199F0A7}"
EndProject
Global
	GlobalSection(SolutionConfigurationPlatforms) = preSolution
		Debug|Any CPU = Debug|Any CPU
		Release|Any CPU = Release|Any CPU
	EndGlobalSection
	GlobalSection(ProjectConfigurationPlatforms) = postSolution
		{CD5405EC-144A-4E86-B20E-DF7A8AB81CF9}.Debug|Any CPU.ActiveCfg = Debug|Any CPU
		{CD5405EC-144A-4E86-B20E-DF7A8AB81CF9}.Debug|Any CPU.Build.0 = Debug|Any CPU
		{CD5405EC-144A-4E86-B20E-DF7A8AB81CF9}.Release|Any CPU.ActiveCfg = Release|Any CPU
		{CD5405EC-144A-4E86-B20E-DF7A8AB81CF9}.Release|Any CPU.Build.0 = Release|Any CPU
		{AEBD244A-AC6A-4243-BD2A-56462C8E52F0}.Debug|Any CPU.ActiveCfg = Debug|Any CPU
		{AEBD244A-AC6A-4243-BD2A-56462C8E52F0}.Debug|Any CPU.Build.0 = Debug|Any CPU
		{AEBD244A-AC6A-4243-BD2A-56462C8E52F0}.Release|Any CPU.ActiveCfg = Release|Any CPU
		{AEBD244A-AC6A-4243-BD2A-56462C8E52F0}.Release|Any CPU.Build.0 = Release|Any CPU
		{4A7BEE1C-21CC-4718-9A2D-933FD298529E}.Debug|Any CPU.ActiveCfg = Debug|Any CPU
		{4A7BEE1C-21CC-4718-9A2D-933FD298529E}.Debug|Any CPU.Build.0 = Debug|Any CPU
		{4A7BEE1C-21CC-4718-9A2D-933FD298529E}.Release|Any CPU.ActiveCfg = Release|Any CPU
		{4A7BEE1C-21CC-4718-9A2D-933FD298529E}.Release|Any CPU.Build.0 = Release|Any CPU
		{AF96FCEB-4912-4EE5-A16F-20EBBFEB067E}.Debug|Any CPU.ActiveCfg = Debug|Any CPU
		{AF96FCEB-4912-4EE5-A16F-20EBBFEB067E}.Debug|Any CPU.Build.0 = Debug|Any CPU
		{AF96FCEB-4912-4EE5-A16F-20EBBFEB067E}.Release|Any CPU.ActiveCfg = Release|Any CPU
		{AF96FCEB-4912-4EE5-A16F-20EBBFEB067E}.Release|Any CPU.Build.0 = Release|Any CPU
		{BAFC0E98-452A-4383-8700-F581AE0440F6}.Debug|Any CPU.ActiveCfg = Debug|Any CPU
		{BAFC0E98-452A-4383-8700-F581AE0440F6}.Debug|Any CPU.Build.0 = Debug|Any CPU
		{BAFC0E98-452A-4383-8700-F581AE0440F6}.Release|Any CPU.ActiveCfg = Release|Any CPU
		{BAFC0E98-452A-4383-8700-F581AE0440F6}.Release|Any CPU.Build.0 = Release|Any CPU
		{CCB177AF-0B54-4B7D-95B6-99A8541ACF6A}.Debug|Any CPU.ActiveCfg = Debug|Any CPU
		{CCB177AF-0B54-4B7D-95B6-99A8541ACF6A}.Debug|Any CPU.Build.0 = Debug|Any CPU
		{CCB177AF-0B54-4B7D-95B6-99A8541ACF6A}.Release|Any CPU.ActiveCfg = Release|Any CPU
		{CCB177AF-0B54-4B7D-95B6-99A8541ACF6A}.Release|Any CPU.Build.0 = Release|Any CPU
		{4B7E8E96-142C-4512-954A-ABC96428223C}.Debug|Any CPU.ActiveCfg = Debug|Any CPU
		{4B7E8E96-142C-4512-954A-ABC96428223C}.Debug|Any CPU.Build.0 = Debug|Any CPU
		{4B7E8E96-142C-4512-954A-ABC96428223C}.Release|Any CPU.ActiveCfg = Release|Any CPU
		{4B7E8E96-142C-4512-954A-ABC96428223C}.Release|Any CPU.Build.0 = Release|Any CPU
		{05E6D3ED-6564-479C-990E-BF7D1FD11215}.Debug|Any CPU.ActiveCfg = Debug|Any CPU
		{05E6D3ED-6564-479C-990E-BF7D1FD11215}.Debug|Any CPU.Build.0 = Debug|Any CPU
		{05E6D3ED-6564-479C-990E-BF7D1FD11215}.Release|Any CPU.ActiveCfg = Release|Any CPU
		{05E6D3ED-6564-479C-990E-BF7D1FD11215}.Release|Any CPU.Build.0 = Release|Any CPU
		{E1C2E91D-B759-47FF-BF6B-41286EC7CB7C}.Debug|Any CPU.ActiveCfg = Debug|Any CPU
		{E1C2E91D-B759-47FF-BF6B-41286EC7CB7C}.Debug|Any CPU.Build.0 = Debug|Any CPU
		{E1C2E91D-B759-47FF-BF6B-41286EC7CB7C}.Release|Any CPU.ActiveCfg = Release|Any CPU
		{E1C2E91D-B759-47FF-BF6B-41286EC7CB7C}.Release|Any CPU.Build.0 = Release|Any CPU
		{4A9E35A7-83EA-4B6B-A9AD-1E608498B180}.Debug|Any CPU.ActiveCfg = Debug|Any CPU
		{4A9E35A7-83EA-4B6B-A9AD-1E608498B180}.Debug|Any CPU.Build.0 = Debug|Any CPU
		{4A9E35A7-83EA-4B6B-A9AD-1E608498B180}.Release|Any CPU.ActiveCfg = Release|Any CPU
		{4A9E35A7-83EA-4B6B-A9AD-1E608498B180}.Release|Any CPU.Build.0 = Release|Any CPU
		{65EA134E-0D66-4BDE-8D48-1E87E3213594}.Debug|Any CPU.ActiveCfg = Debug|Any CPU
		{65EA134E-0D66-4BDE-8D48-1E87E3213594}.Debug|Any CPU.Build.0 = Debug|Any CPU
		{65EA134E-0D66-4BDE-8D48-1E87E3213594}.Release|Any CPU.ActiveCfg = Release|Any CPU
		{65EA134E-0D66-4BDE-8D48-1E87E3213594}.Release|Any CPU.Build.0 = Release|Any CPU
		{3B9EBAE1-E2B9-4521-9D84-32AD6491F4EF}.Debug|Any CPU.ActiveCfg = Debug|Any CPU
		{3B9EBAE1-E2B9-4521-9D84-32AD6491F4EF}.Debug|Any CPU.Build.0 = Debug|Any CPU
		{3B9EBAE1-E2B9-4521-9D84-32AD6491F4EF}.Release|Any CPU.ActiveCfg = Release|Any CPU
		{3B9EBAE1-E2B9-4521-9D84-32AD6491F4EF}.Release|Any CPU.Build.0 = Release|Any CPU
		{03B0A73C-9192-43B4-82DE-952E641B614A}.Debug|Any CPU.ActiveCfg = Debug|Any CPU
		{03B0A73C-9192-43B4-82DE-952E641B614A}.Debug|Any CPU.Build.0 = Debug|Any CPU
		{03B0A73C-9192-43B4-82DE-952E641B614A}.Release|Any CPU.ActiveCfg = Release|Any CPU
		{03B0A73C-9192-43B4-82DE-952E641B614A}.Release|Any CPU.Build.0 = Release|Any CPU
		{8A1CFF01-B10F-4F8C-B89D-C2F94199F0A7}.Debug|Any CPU.ActiveCfg = Debug|Any CPU
		{8A1CFF01-B10F-4F8C-B89D-C2F94199F0A7}.Debug|Any CPU.Build.0 = Debug|Any CPU
		{8A1CFF01-B10F-4F8C-B89D-C2F94199F0A7}.Release|Any CPU.ActiveCfg = Release|Any CPU
		{8A1CFF01-B10F-4F8C-B89D-C2F94199F0A7}.Release|Any CPU.Build.0 = Release|Any CPU
	EndGlobalSection
	GlobalSection(SolutionProperties) = preSolution
		HideSolutionNode = FALSE
	EndGlobalSection
	GlobalSection(NestedProjects) = preSolution
		{1D36B9B6-BC6A-4638-A8F6-5825E36AD943} = {89010C48-01E5-4232-B0B4-477BB0CA1CFB}
		{EED21CA9-D637-494F-9464-2C27692A962E} = {89010C48-01E5-4232-B0B4-477BB0CA1CFB}
		{B8D4C6D3-AAC1-4C24-B4D6-C89DBEBB87F6} = {89010C48-01E5-4232-B0B4-477BB0CA1CFB}
		{AEBD244A-AC6A-4243-BD2A-56462C8E52F0} = {EED21CA9-D637-494F-9464-2C27692A962E}
		{4A7BEE1C-21CC-4718-9A2D-933FD298529E} = {EED21CA9-D637-494F-9464-2C27692A962E}
		{AF96FCEB-4912-4EE5-A16F-20EBBFEB067E} = {EED21CA9-D637-494F-9464-2C27692A962E}
		{BAFC0E98-452A-4383-8700-F581AE0440F6} = {EED21CA9-D637-494F-9464-2C27692A962E}
		{CCB177AF-0B54-4B7D-95B6-99A8541ACF6A} = {B8D4C6D3-AAC1-4C24-B4D6-C89DBEBB87F6}
		{4B7E8E96-142C-4512-954A-ABC96428223C} = {B8D4C6D3-AAC1-4C24-B4D6-C89DBEBB87F6}
		{05E6D3ED-6564-479C-990E-BF7D1FD11215} = {B8D4C6D3-AAC1-4C24-B4D6-C89DBEBB87F6}
		{E1C2E91D-B759-47FF-BF6B-41286EC7CB7C} = {B8D4C6D3-AAC1-4C24-B4D6-C89DBEBB87F6}
		{65EA134E-0D66-4BDE-8D48-1E87E3213594} = {1D36B9B6-BC6A-4638-A8F6-5825E36AD943}
		{3B9EBAE1-E2B9-4521-9D84-32AD6491F4EF} = {1D36B9B6-BC6A-4638-A8F6-5825E36AD943}
		{8A1CFF01-B10F-4F8C-B89D-C2F94199F0A7} = {1D36B9B6-BC6A-4638-A8F6-5825E36AD943}
	EndGlobalSection
	GlobalSection(ExtensibilityGlobals) = postSolution
		SolutionGuid = {D92B273D-43ED-4BA1-9687-0E403B495795}
	EndGlobalSection
EndGlobal
